
Microsoft Visual Studio Solution File, Format Version 12.00
# Visual Studio 15
VisualStudioVersion = 15.0.28307.572
MinimumVisualStudioVersion = 10.0.40219.1
Project("{FAE04EC0-301F-11D3-BF4B-00C04F79EFBC}") = "View", "Principal\View.csproj", "{C9D7C43B-FA0F-4E8C-9A52-CDDC840D0F21}"
EndProject
Project("{FAE04EC0-301F-11D3-BF4B-00C04F79EFBC}") = "Model", "Model\Model.csproj", "{B353ECEE-F3CF-40EB-BFB8-2812B91F396F}"
EndProject
Project("{FAE04EC0-301F-11D3-BF4B-00C04F79EFBC}") = "Repository", "Repository\Repository.csproj", "{B7F1ABB0-2709-44A8-B274-BCC9D6A6BD10}"
EndProject
Global
	GlobalSection(SolutionConfigurationPlatforms) = preSolution
		Debug|Any CPU = Debug|Any CPU
		Release|Any CPU = Release|Any CPU
	EndGlobalSection
	GlobalSection(ProjectConfigurationPlatforms) = postSolution
		{C9D7C43B-FA0F-4E8C-9A52-CDDC840D0F21}.Debug|Any CPU.ActiveCfg = Debug|Any CPU
		{C9D7C43B-FA0F-4E8C-9A52-CDDC840D0F21}.Debug|Any CPU.Build.0 = Debug|Any CPU
		{C9D7C43B-FA0F-4E8C-9A52-CDDC840D0F21}.Release|Any CPU.ActiveCfg = Release|Any CPU
		{C9D7C43B-FA0F-4E8C-9A52-CDDC840D0F21}.Release|Any CPU.Build.0 = Release|Any CPU
		{B353ECEE-F3CF-40EB-BFB8-2812B91F396F}.Debug|Any CPU.ActiveCfg = Debug|Any CPU
		{B353ECEE-F3CF-40EB-BFB8-2812B91F396F}.Debug|Any CPU.Build.0 = Debug|Any CPU
		{B353ECEE-F3CF-40EB-BFB8-2812B91F396F}.Release|Any CPU.ActiveCfg = Release|Any CPU
		{B353ECEE-F3CF-40EB-BFB8-2812B91F396F}.Release|Any CPU.Build.0 = Release|Any CPU
		{B7F1ABB0-2709-44A8-B274-BCC9D6A6BD10}.Debug|Any CPU.ActiveCfg = Debug|Any CPU
		{B7F1ABB0-2709-44A8-B274-BCC9D6A6BD10}.Debug|Any CPU.Build.0 = Debug|Any CPU
		{B7F1ABB0-2709-44A8-B274-BCC9D6A6BD10}.Release|Any CPU.ActiveCfg = Release|Any CPU
		{B7F1ABB0-2709-44A8-B274-BCC9D6A6BD10}.Release|Any CPU.Build.0 = Release|Any CPU
	EndGlobalSection
	GlobalSection(SolutionProperties) = preSolution
		HideSolutionNode = FALSE
	EndGlobalSection
	GlobalSection(ExtensibilityGlobals) = postSolution
		SolutionGuid = {E7B2B4F6-F451-48B1-B544-721118AB4C0D}
	EndGlobalSection
EndGlobal
